
Microsoft Visual Studio Solution File, Format Version 12.00
# Visual Studio Version 17
VisualStudioVersion = 17.9.34622.214
MinimumVisualStudioVersion = 10.0.40219.1
Project("{2150E333-8FDC-42A3-9474-1A3956D46DE8}") = "Exercício 13", "Exercício 13", "{51A5825A-AB4F-49F6-BC0B-AC736AACF117}"
EndProject
Project("{2150E333-8FDC-42A3-9474-1A3956D46DE8}") = "Exercício 14", "Exercício 14", "{22337830-BE77-48AA-9CB0-F1319A5A11AB}"
EndProject
Project("{2150E333-8FDC-42A3-9474-1A3956D46DE8}") = "Exercício 15", "Exercício 15", "{F9D9D0FD-EDEB-4984-954A-4466F34392B2}"
EndProject
Project("{2150E333-8FDC-42A3-9474-1A3956D46DE8}") = "Exercício 16", "Exercício 16", "{CB66629C-D5F6-4A7A-BA30-CCA95B642D4C}"
EndProject
Project("{2150E333-8FDC-42A3-9474-1A3956D46DE8}") = "Exercício 17", "Exercício 17", "{CA7E2112-EBC3-4F49-8716-C2937A499FF2}"
EndProject
Project("{2150E333-8FDC-42A3-9474-1A3956D46DE8}") = "Exercício 18", "Exercício 18", "{1C1B6AE7-6D03-4FD0-9860-432BD66B4C5B}"
EndProject
Project("{2150E333-8FDC-42A3-9474-1A3956D46DE8}") = "Exercício 01", "Exercício 01", "{1698A04A-D819-49E6-AFFC-DB9FB070288C}"
EndProject
Project("{2150E333-8FDC-42A3-9474-1A3956D46DE8}") = "Exercício 02", "Exercício 02", "{E397F9E3-402E-47D5-AF7E-A47D604D9860}"
EndProject
Project("{2150E333-8FDC-42A3-9474-1A3956D46DE8}") = "Exercício 03", "Exercício 03", "{43F858DF-0A34-4CBA-8407-F2D5DBBEB779}"
EndProject
Project("{2150E333-8FDC-42A3-9474-1A3956D46DE8}") = "Exercício 04", "Exercício 04", "{5AA6C281-9E1C-446C-9AE4-3971FD647F93}"
EndProject
Project("{2150E333-8FDC-42A3-9474-1A3956D46DE8}") = "Exercício 05", "Exercício 05", "{217063ED-65D3-4217-AC56-0422FCF848B4}"
EndProject
Project("{2150E333-8FDC-42A3-9474-1A3956D46DE8}") = "Exercício 06", "Exercício 06", "{1646DA81-F0CB-4A5B-8099-0D264BB5644B}"
EndProject
Project("{2150E333-8FDC-42A3-9474-1A3956D46DE8}") = "Exercício 08", "Exercício 08", "{F0640B5D-D4F9-4737-939F-56A2D66B1303}"
EndProject
Project("{2150E333-8FDC-42A3-9474-1A3956D46DE8}") = "Exercício 09", "Exercício 09", "{9AE732CA-43B9-4607-A244-0F2C7FD48241}"
EndProject
Project("{2150E333-8FDC-42A3-9474-1A3956D46DE8}") = "Exercício 10", "Exercício 10", "{B7995D11-F18C-41DE-BCD0-2DA932BC3DDE}"
EndProject
Project("{2150E333-8FDC-42A3-9474-1A3956D46DE8}") = "Exercício 11", "Exercício 11", "{650EF7A2-26EC-4564-B6EC-DEF5BACF4798}"
EndProject
Project("{2150E333-8FDC-42A3-9474-1A3956D46DE8}") = "Exercício 12", "Exercício 12", "{334F8BD5-E4B9-494C-BB91-DB263D367177}"
EndProject
Project("{2150E333-8FDC-42A3-9474-1A3956D46DE8}") = "Exercício 19", "Exercício 19", "{E342E30D-DAC0-49A1-B7C5-E8342C283584}"
EndProject
Project("{9A19103F-16F7-4668-BE54-9A1E7A4F7556}") = "Solução-06-ConsoleApp", "Solução-06-ConsoleApp\Solução-06-ConsoleApp.csproj", "{33A1AA0C-A75E-4B11-B0AD-5EF49BA7C4A4}"
EndProject
Project("{9A19103F-16F7-4668-BE54-9A1E7A4F7556}") = "Solução-09-ConsoleApp", "Solução-09-ConsoleApp\Solução-09-ConsoleApp.csproj", "{2C162543-FF77-4A35-909E-E522B294EFD3}"
EndProject
Project("{9A19103F-16F7-4668-BE54-9A1E7A4F7556}") = "Solução-10-ConsoleApp", "Solução-10-ConsoleApp\Solução-10-ConsoleApp.csproj", "{B5643B05-CD02-4DC2-89F2-928648824860}"
EndProject
Project("{9A19103F-16F7-4668-BE54-9A1E7A4F7556}") = "Solução-11-ConsoleApp", "Solução-11-ConsoleApp\Solução-11-ConsoleApp.csproj", "{C3887AD7-1335-42EE-8912-67C270CFFCC0}"
EndProject
Project("{9A19103F-16F7-4668-BE54-9A1E7A4F7556}") = "Solução-12-ConsoleApp", "Solução-12-ConsoleApp\Solução-12-ConsoleApp.csproj", "{BF313605-A263-4846-8520-05801386344F}"
EndProject
Project("{9A19103F-16F7-4668-BE54-9A1E7A4F7556}") = "Solução-18-ConsoleApp", "Solução-18-ConsoleApp\Solução-18-ConsoleApp.csproj", "{A2B397F0-B57B-4388-B1B1-E231BF2C9D10}"
EndProject
Project("{2150E333-8FDC-42A3-9474-1A3956D46DE8}") = "Exercício 20", "Exercício 20", "{19BE2A4D-7C43-4DE1-AC1C-65FEC2D554BF}"
EndProject
Project("{2150E333-8FDC-42A3-9474-1A3956D46DE8}") = "Exercício 21", "Exercício 21", "{AA7F23C8-C229-4EDE-BE71-D490032EC10B}"
EndProject
Project("{2150E333-8FDC-42A3-9474-1A3956D46DE8}") = "Exercício 22", "Exercício 22", "{386D9F76-7765-40E5-95D4-6858B10D1F9A}"
EndProject
Project("{2150E333-8FDC-42A3-9474-1A3956D46DE8}") = "Exercício 23", "Exercício 23", "{D7A5CF6E-4360-40EE-A028-8A5D4FC9F516}"
EndProject
Project("{2150E333-8FDC-42A3-9474-1A3956D46DE8}") = "Exercício 24", "Exercício 24", "{B8ADE263-D9F6-44FE-A6BD-5A2FE1CA4A85}"
EndProject
Project("{2150E333-8FDC-42A3-9474-1A3956D46DE8}") = "Exercício 25", "Exercício 25", "{5657C02E-8387-40C9-BC03-784A6C976459}"
EndProject
Project("{2150E333-8FDC-42A3-9474-1A3956D46DE8}") = "Exercício 26", "Exercício 26", "{13171821-55C6-4B30-8850-3CBA85E25F71}"
EndProject
Project("{2150E333-8FDC-42A3-9474-1A3956D46DE8}") = "Exercício 27", "Exercício 27", "{06CF29DF-37B1-45CA-8A12-96810C44B5F2}"
EndProject
Project("{2150E333-8FDC-42A3-9474-1A3956D46DE8}") = "Exercício 28", "Exercício 28", "{A0D352F8-046D-488B-A234-D06C7EE03A28}"
EndProject
Project("{9A19103F-16F7-4668-BE54-9A1E7A4F7556}") = "Solução-19-ConsoleApp", "Solução-19-ConsoleApp\Solução-19-ConsoleApp.csproj", "{818D37FC-AF63-4886-AA68-B48E255B108B}"
EndProject
Project("{9A19103F-16F7-4668-BE54-9A1E7A4F7556}") = "Solução-20-ConsoleApp", "Solução-20-ConsoleApp\Solução-20-ConsoleApp.csproj", "{17296B2F-EF52-43D7-B097-458061617E63}"
EndProject
Project("{9A19103F-16F7-4668-BE54-9A1E7A4F7556}") = "Solução-21-ConsoleApp", "Solução-21-ConsoleApp\Solução-21-ConsoleApp.csproj", "{FC6C185E-49E5-43CF-AB57-A70EAE76094C}"
EndProject
Project("{9A19103F-16F7-4668-BE54-9A1E7A4F7556}") = "Solução-22-ConsoleApp", "Solução-22-ConsoleApp\Solução-22-ConsoleApp.csproj", "{75961B6E-9E6E-4039-9463-F98AA37BBB2B}"
EndProject
Project("{2150E333-8FDC-42A3-9474-1A3956D46DE8}") = "Exercício 07", "Exercício 07", "{C2F95262-4383-4BD7-AD20-D0B08A39580E}"
EndProject
Project("{9A19103F-16F7-4668-BE54-9A1E7A4F7556}") = "Solução-07-ConsoleApp", "Solução-07-ConsoleApp\Solução-07-ConsoleApp.csproj", "{3EF60B53-BE1F-4AC0-8D54-68F8648305D1}"
EndProject
Project("{9A19103F-16F7-4668-BE54-9A1E7A4F7556}") = "Solução-24-ConsoleApp", "Solução-24-ConsoleApp\Solução-24-ConsoleApp.csproj", "{CF3E0E0A-C7F7-414C-8AB1-72C1769213A9}"
EndProject
Project("{9A19103F-16F7-4668-BE54-9A1E7A4F7556}") = "Solução-25-ConsoleApp", "Solução-25-ConsoleApp\Solução-25-ConsoleApp.csproj", "{4B52D4A2-3912-45AA-9BCF-29C65078D4C8}"
EndProject
Project("{9A19103F-16F7-4668-BE54-9A1E7A4F7556}") = "Solução-01-ConsoleApp", "Solução-01-ConsoleApp\Solução-01-ConsoleApp.csproj", "{7314FA3A-7A40-4C6C-B9DF-983188EE23FF}"
EndProject
Project("{9A19103F-16F7-4668-BE54-9A1E7A4F7556}") = "Solução-02-ConsoleApp", "Solução-02-ConsoleApp\Solução-02-ConsoleApp.csproj", "{F5C8DA5E-7A31-4058-BE32-510F11983EAF}"
EndProject
Project("{9A19103F-16F7-4668-BE54-9A1E7A4F7556}") = "Solução-03-ConsoleApp", "Solução-03-ConsoleApp\Solução-03-ConsoleApp.csproj", "{E82B99B5-530F-4391-91A4-4675D9754C0C}"
EndProject
Project("{9A19103F-16F7-4668-BE54-9A1E7A4F7556}") = "Solução-04-ConsoleApp", "Solução-04-ConsoleApp\Solução-04-ConsoleApp.csproj", "{7A43846F-1EC8-456F-B615-32675412255C}"
EndProject
Project("{9A19103F-16F7-4668-BE54-9A1E7A4F7556}") = "Solução-05-ConsoleApp", "Solução-05-ConsoleApp\Solução-05-ConsoleApp.csproj", "{0000B505-6C92-4C25-9920-3ABD8DB278FB}"
EndProject
Project("{9A19103F-16F7-4668-BE54-9A1E7A4F7556}") = "Solução-08-ConsoleApp", "Solução-08-ConsoleApp\Solução-08-ConsoleApp.csproj", "{E461A997-9DDB-44C8-820D-45D844B55ED2}"
EndProject
Project("{FAE04EC0-301F-11D3-BF4B-00C04F79EFBC}") = "Solução-13-ConsoleApp", "Solução-13-ConsoleApp\Solução-13-ConsoleApp\Solução-13-ConsoleApp.csproj", "{F6484C4F-CD86-4509-9267-C877EA1E69FD}"
EndProject
Project("{FAE04EC0-301F-11D3-BF4B-00C04F79EFBC}") = "Solução-14-ConsoleApp", "Solução-14-ConsoleApp\Solução-14-ConsoleApp\Solução-14-ConsoleApp.csproj", "{74984A96-39E6-4B0D-B5A5-ABC947D44433}"
EndProject
Project("{FAE04EC0-301F-11D3-BF4B-00C04F79EFBC}") = "Solução-15-ConsoleApp", "Solução-15-ConsoleApp\Solução-15-ConsoleApp\Solução-15-ConsoleApp.csproj", "{FE5747FC-2F8E-4B5C-A377-0FD29505D1E9}"
EndProject
Project("{FAE04EC0-301F-11D3-BF4B-00C04F79EFBC}") = "Solução-16-ConsoleApp", "Solução-16-ConsoleApp\Solução-16-ConsoleApp\Solução-16-ConsoleApp.csproj", "{C6004CA2-773D-450D-80A4-8ED82561C08B}"
EndProject
Project("{FAE04EC0-301F-11D3-BF4B-00C04F79EFBC}") = "Solução-17-ConsoleApp", "Solução-17-ConsoleApp\Solução-17-ConsoleApp\Solução-17-ConsoleApp.csproj", "{43841C69-9D17-47BA-9AD5-CCB29A531013}"
EndProject
Project("{FAE04EC0-301F-11D3-BF4B-00C04F79EFBC}") = "Solução-23-ConsoleApp", "Solução-23-ConsoleApp\Solução-23-ConsoleApp\Solução-23-ConsoleApp.csproj", "{C593908B-E0E1-45C5-A75F-FE4735AEB41F}"
EndProject
Project("{FAE04EC0-301F-11D3-BF4B-00C04F79EFBC}") = "Solução-27-ConsoleApp", "Solução-27-ConsoleApp\Solução-27-ConsoleApp.csproj", "{03FF3A5E-F802-41B3-BB9D-E89D0BF4166B}"
EndProject
Project("{FAE04EC0-301F-11D3-BF4B-00C04F79EFBC}") = "Solução-26-ConsoleApp", "Solução-26-ConsoleApp\Solução-26-ConsoleApp.csproj", "{3E0D63C8-21C2-4DEC-865A-E3CCD8B703DD}"
EndProject
Global
	GlobalSection(SolutionConfigurationPlatforms) = preSolution
		Debug|Any CPU = Debug|Any CPU
		Release|Any CPU = Release|Any CPU
	EndGlobalSection
	GlobalSection(ProjectConfigurationPlatforms) = postSolution
		{33A1AA0C-A75E-4B11-B0AD-5EF49BA7C4A4}.Debug|Any CPU.ActiveCfg = Debug|Any CPU
		{33A1AA0C-A75E-4B11-B0AD-5EF49BA7C4A4}.Debug|Any CPU.Build.0 = Debug|Any CPU
		{33A1AA0C-A75E-4B11-B0AD-5EF49BA7C4A4}.Release|Any CPU.ActiveCfg = Release|Any CPU
		{33A1AA0C-A75E-4B11-B0AD-5EF49BA7C4A4}.Release|Any CPU.Build.0 = Release|Any CPU
		{2C162543-FF77-4A35-909E-E522B294EFD3}.Debug|Any CPU.ActiveCfg = Debug|Any CPU
		{2C162543-FF77-4A35-909E-E522B294EFD3}.Debug|Any CPU.Build.0 = Debug|Any CPU
		{2C162543-FF77-4A35-909E-E522B294EFD3}.Release|Any CPU.ActiveCfg = Release|Any CPU
		{2C162543-FF77-4A35-909E-E522B294EFD3}.Release|Any CPU.Build.0 = Release|Any CPU
		{B5643B05-CD02-4DC2-89F2-928648824860}.Debug|Any CPU.ActiveCfg = Debug|Any CPU
		{B5643B05-CD02-4DC2-89F2-928648824860}.Debug|Any CPU.Build.0 = Debug|Any CPU
		{B5643B05-CD02-4DC2-89F2-928648824860}.Release|Any CPU.ActiveCfg = Release|Any CPU
		{B5643B05-CD02-4DC2-89F2-928648824860}.Release|Any CPU.Build.0 = Release|Any CPU
		{C3887AD7-1335-42EE-8912-67C270CFFCC0}.Debug|Any CPU.ActiveCfg = Debug|Any CPU
		{C3887AD7-1335-42EE-8912-67C270CFFCC0}.Debug|Any CPU.Build.0 = Debug|Any CPU
		{C3887AD7-1335-42EE-8912-67C270CFFCC0}.Release|Any CPU.ActiveCfg = Release|Any CPU
		{C3887AD7-1335-42EE-8912-67C270CFFCC0}.Release|Any CPU.Build.0 = Release|Any CPU
		{BF313605-A263-4846-8520-05801386344F}.Debug|Any CPU.ActiveCfg = Debug|Any CPU
		{BF313605-A263-4846-8520-05801386344F}.Debug|Any CPU.Build.0 = Debug|Any CPU
		{BF313605-A263-4846-8520-05801386344F}.Release|Any CPU.ActiveCfg = Release|Any CPU
		{BF313605-A263-4846-8520-05801386344F}.Release|Any CPU.Build.0 = Release|Any CPU
		{A2B397F0-B57B-4388-B1B1-E231BF2C9D10}.Debug|Any CPU.ActiveCfg = Debug|Any CPU
		{A2B397F0-B57B-4388-B1B1-E231BF2C9D10}.Debug|Any CPU.Build.0 = Debug|Any CPU
		{A2B397F0-B57B-4388-B1B1-E231BF2C9D10}.Release|Any CPU.ActiveCfg = Release|Any CPU
		{A2B397F0-B57B-4388-B1B1-E231BF2C9D10}.Release|Any CPU.Build.0 = Release|Any CPU
		{818D37FC-AF63-4886-AA68-B48E255B108B}.Debug|Any CPU.ActiveCfg = Debug|Any CPU
		{818D37FC-AF63-4886-AA68-B48E255B108B}.Debug|Any CPU.Build.0 = Debug|Any CPU
		{818D37FC-AF63-4886-AA68-B48E255B108B}.Release|Any CPU.ActiveCfg = Release|Any CPU
		{818D37FC-AF63-4886-AA68-B48E255B108B}.Release|Any CPU.Build.0 = Release|Any CPU
		{17296B2F-EF52-43D7-B097-458061617E63}.Debug|Any CPU.ActiveCfg = Debug|Any CPU
		{17296B2F-EF52-43D7-B097-458061617E63}.Debug|Any CPU.Build.0 = Debug|Any CPU
		{17296B2F-EF52-43D7-B097-458061617E63}.Release|Any CPU.ActiveCfg = Release|Any CPU
		{17296B2F-EF52-43D7-B097-458061617E63}.Release|Any CPU.Build.0 = Release|Any CPU
		{FC6C185E-49E5-43CF-AB57-A70EAE76094C}.Debug|Any CPU.ActiveCfg = Debug|Any CPU
		{FC6C185E-49E5-43CF-AB57-A70EAE76094C}.Debug|Any CPU.Build.0 = Debug|Any CPU
		{FC6C185E-49E5-43CF-AB57-A70EAE76094C}.Release|Any CPU.ActiveCfg = Release|Any CPU
		{FC6C185E-49E5-43CF-AB57-A70EAE76094C}.Release|Any CPU.Build.0 = Release|Any CPU
		{75961B6E-9E6E-4039-9463-F98AA37BBB2B}.Debug|Any CPU.ActiveCfg = Debug|Any CPU
		{75961B6E-9E6E-4039-9463-F98AA37BBB2B}.Debug|Any CPU.Build.0 = Debug|Any CPU
		{75961B6E-9E6E-4039-9463-F98AA37BBB2B}.Release|Any CPU.ActiveCfg = Release|Any CPU
		{75961B6E-9E6E-4039-9463-F98AA37BBB2B}.Release|Any CPU.Build.0 = Release|Any CPU
		{3EF60B53-BE1F-4AC0-8D54-68F8648305D1}.Debug|Any CPU.ActiveCfg = Debug|Any CPU
		{3EF60B53-BE1F-4AC0-8D54-68F8648305D1}.Debug|Any CPU.Build.0 = Debug|Any CPU
		{3EF60B53-BE1F-4AC0-8D54-68F8648305D1}.Release|Any CPU.ActiveCfg = Release|Any CPU
		{3EF60B53-BE1F-4AC0-8D54-68F8648305D1}.Release|Any CPU.Build.0 = Release|Any CPU
		{CF3E0E0A-C7F7-414C-8AB1-72C1769213A9}.Debug|Any CPU.ActiveCfg = Debug|Any CPU
		{CF3E0E0A-C7F7-414C-8AB1-72C1769213A9}.Debug|Any CPU.Build.0 = Debug|Any CPU
		{CF3E0E0A-C7F7-414C-8AB1-72C1769213A9}.Release|Any CPU.ActiveCfg = Release|Any CPU
		{CF3E0E0A-C7F7-414C-8AB1-72C1769213A9}.Release|Any CPU.Build.0 = Release|Any CPU
		{4B52D4A2-3912-45AA-9BCF-29C65078D4C8}.Debug|Any CPU.ActiveCfg = Debug|Any CPU
		{4B52D4A2-3912-45AA-9BCF-29C65078D4C8}.Debug|Any CPU.Build.0 = Debug|Any CPU
		{4B52D4A2-3912-45AA-9BCF-29C65078D4C8}.Release|Any CPU.ActiveCfg = Release|Any CPU
		{4B52D4A2-3912-45AA-9BCF-29C65078D4C8}.Release|Any CPU.Build.0 = Release|Any CPU
		{7314FA3A-7A40-4C6C-B9DF-983188EE23FF}.Debug|Any CPU.ActiveCfg = Debug|Any CPU
		{7314FA3A-7A40-4C6C-B9DF-983188EE23FF}.Debug|Any CPU.Build.0 = Debug|Any CPU
		{7314FA3A-7A40-4C6C-B9DF-983188EE23FF}.Release|Any CPU.ActiveCfg = Release|Any CPU
		{7314FA3A-7A40-4C6C-B9DF-983188EE23FF}.Release|Any CPU.Build.0 = Release|Any CPU
		{F5C8DA5E-7A31-4058-BE32-510F11983EAF}.Debug|Any CPU.ActiveCfg = Debug|Any CPU
		{F5C8DA5E-7A31-4058-BE32-510F11983EAF}.Debug|Any CPU.Build.0 = Debug|Any CPU
		{F5C8DA5E-7A31-4058-BE32-510F11983EAF}.Release|Any CPU.ActiveCfg = Release|Any CPU
		{F5C8DA5E-7A31-4058-BE32-510F11983EAF}.Release|Any CPU.Build.0 = Release|Any CPU
		{E82B99B5-530F-4391-91A4-4675D9754C0C}.Debug|Any CPU.ActiveCfg = Debug|Any CPU
		{E82B99B5-530F-4391-91A4-4675D9754C0C}.Debug|Any CPU.Build.0 = Debug|Any CPU
		{E82B99B5-530F-4391-91A4-4675D9754C0C}.Release|Any CPU.ActiveCfg = Release|Any CPU
		{E82B99B5-530F-4391-91A4-4675D9754C0C}.Release|Any CPU.Build.0 = Release|Any CPU
		{7A43846F-1EC8-456F-B615-32675412255C}.Debug|Any CPU.ActiveCfg = Debug|Any CPU
		{7A43846F-1EC8-456F-B615-32675412255C}.Debug|Any CPU.Build.0 = Debug|Any CPU
		{7A43846F-1EC8-456F-B615-32675412255C}.Release|Any CPU.ActiveCfg = Release|Any CPU
		{7A43846F-1EC8-456F-B615-32675412255C}.Release|Any CPU.Build.0 = Release|Any CPU
		{0000B505-6C92-4C25-9920-3ABD8DB278FB}.Debug|Any CPU.ActiveCfg = Debug|Any CPU
		{0000B505-6C92-4C25-9920-3ABD8DB278FB}.Debug|Any CPU.Build.0 = Debug|Any CPU
		{0000B505-6C92-4C25-9920-3ABD8DB278FB}.Release|Any CPU.ActiveCfg = Release|Any CPU
		{0000B505-6C92-4C25-9920-3ABD8DB278FB}.Release|Any CPU.Build.0 = Release|Any CPU
		{E461A997-9DDB-44C8-820D-45D844B55ED2}.Debug|Any CPU.ActiveCfg = Debug|Any CPU
		{E461A997-9DDB-44C8-820D-45D844B55ED2}.Debug|Any CPU.Build.0 = Debug|Any CPU
		{E461A997-9DDB-44C8-820D-45D844B55ED2}.Release|Any CPU.ActiveCfg = Release|Any CPU
		{E461A997-9DDB-44C8-820D-45D844B55ED2}.Release|Any CPU.Build.0 = Release|Any CPU
		{F6484C4F-CD86-4509-9267-C877EA1E69FD}.Debug|Any CPU.ActiveCfg = Debug|Any CPU
		{F6484C4F-CD86-4509-9267-C877EA1E69FD}.Debug|Any CPU.Build.0 = Debug|Any CPU
		{F6484C4F-CD86-4509-9267-C877EA1E69FD}.Release|Any CPU.ActiveCfg = Release|Any CPU
		{F6484C4F-CD86-4509-9267-C877EA1E69FD}.Release|Any CPU.Build.0 = Release|Any CPU
		{74984A96-39E6-4B0D-B5A5-ABC947D44433}.Debug|Any CPU.ActiveCfg = Debug|Any CPU
		{74984A96-39E6-4B0D-B5A5-ABC947D44433}.Debug|Any CPU.Build.0 = Debug|Any CPU
		{74984A96-39E6-4B0D-B5A5-ABC947D44433}.Release|Any CPU.ActiveCfg = Release|Any CPU
		{74984A96-39E6-4B0D-B5A5-ABC947D44433}.Release|Any CPU.Build.0 = Release|Any CPU
		{FE5747FC-2F8E-4B5C-A377-0FD29505D1E9}.Debug|Any CPU.ActiveCfg = Debug|Any CPU
		{FE5747FC-2F8E-4B5C-A377-0FD29505D1E9}.Debug|Any CPU.Build.0 = Debug|Any CPU
		{FE5747FC-2F8E-4B5C-A377-0FD29505D1E9}.Release|Any CPU.ActiveCfg = Release|Any CPU
		{FE5747FC-2F8E-4B5C-A377-0FD29505D1E9}.Release|Any CPU.Build.0 = Release|Any CPU
		{C6004CA2-773D-450D-80A4-8ED82561C08B}.Debug|Any CPU.ActiveCfg = Debug|Any CPU
		{C6004CA2-773D-450D-80A4-8ED82561C08B}.Debug|Any CPU.Build.0 = Debug|Any CPU
		{C6004CA2-773D-450D-80A4-8ED82561C08B}.Release|Any CPU.ActiveCfg = Release|Any CPU
		{C6004CA2-773D-450D-80A4-8ED82561C08B}.Release|Any CPU.Build.0 = Release|Any CPU
		{43841C69-9D17-47BA-9AD5-CCB29A531013}.Debug|Any CPU.ActiveCfg = Debug|Any CPU
		{43841C69-9D17-47BA-9AD5-CCB29A531013}.Debug|Any CPU.Build.0 = Debug|Any CPU
		{43841C69-9D17-47BA-9AD5-CCB29A531013}.Release|Any CPU.ActiveCfg = Release|Any CPU
		{43841C69-9D17-47BA-9AD5-CCB29A531013}.Release|Any CPU.Build.0 = Release|Any CPU
		{C593908B-E0E1-45C5-A75F-FE4735AEB41F}.Debug|Any CPU.ActiveCfg = Debug|Any CPU
		{C593908B-E0E1-45C5-A75F-FE4735AEB41F}.Debug|Any CPU.Build.0 = Debug|Any CPU
		{C593908B-E0E1-45C5-A75F-FE4735AEB41F}.Release|Any CPU.ActiveCfg = Release|Any CPU
		{C593908B-E0E1-45C5-A75F-FE4735AEB41F}.Release|Any CPU.Build.0 = Release|Any CPU
		{03FF3A5E-F802-41B3-BB9D-E89D0BF4166B}.Debug|Any CPU.ActiveCfg = Debug|Any CPU
		{03FF3A5E-F802-41B3-BB9D-E89D0BF4166B}.Debug|Any CPU.Build.0 = Debug|Any CPU
		{03FF3A5E-F802-41B3-BB9D-E89D0BF4166B}.Release|Any CPU.ActiveCfg = Release|Any CPU
		{03FF3A5E-F802-41B3-BB9D-E89D0BF4166B}.Release|Any CPU.Build.0 = Release|Any CPU
		{3E0D63C8-21C2-4DEC-865A-E3CCD8B703DD}.Debug|Any CPU.ActiveCfg = Debug|Any CPU
		{3E0D63C8-21C2-4DEC-865A-E3CCD8B703DD}.Debug|Any CPU.Build.0 = Debug|Any CPU
		{3E0D63C8-21C2-4DEC-865A-E3CCD8B703DD}.Release|Any CPU.ActiveCfg = Release|Any CPU
		{3E0D63C8-21C2-4DEC-865A-E3CCD8B703DD}.Release|Any CPU.Build.0 = Release|Any CPU
	EndGlobalSection
	GlobalSection(SolutionProperties) = preSolution
		HideSolutionNode = FALSE
	EndGlobalSection
	GlobalSection(NestedProjects) = preSolution
		{33A1AA0C-A75E-4B11-B0AD-5EF49BA7C4A4} = {1646DA81-F0CB-4A5B-8099-0D264BB5644B}
		{2C162543-FF77-4A35-909E-E522B294EFD3} = {9AE732CA-43B9-4607-A244-0F2C7FD48241}
		{B5643B05-CD02-4DC2-89F2-928648824860} = {B7995D11-F18C-41DE-BCD0-2DA932BC3DDE}
		{C3887AD7-1335-42EE-8912-67C270CFFCC0} = {650EF7A2-26EC-4564-B6EC-DEF5BACF4798}
		{BF313605-A263-4846-8520-05801386344F} = {334F8BD5-E4B9-494C-BB91-DB263D367177}
		{A2B397F0-B57B-4388-B1B1-E231BF2C9D10} = {1C1B6AE7-6D03-4FD0-9860-432BD66B4C5B}
		{818D37FC-AF63-4886-AA68-B48E255B108B} = {E342E30D-DAC0-49A1-B7C5-E8342C283584}
		{17296B2F-EF52-43D7-B097-458061617E63} = {19BE2A4D-7C43-4DE1-AC1C-65FEC2D554BF}
		{FC6C185E-49E5-43CF-AB57-A70EAE76094C} = {AA7F23C8-C229-4EDE-BE71-D490032EC10B}
		{75961B6E-9E6E-4039-9463-F98AA37BBB2B} = {386D9F76-7765-40E5-95D4-6858B10D1F9A}
		{3EF60B53-BE1F-4AC0-8D54-68F8648305D1} = {C2F95262-4383-4BD7-AD20-D0B08A39580E}
		{CF3E0E0A-C7F7-414C-8AB1-72C1769213A9} = {B8ADE263-D9F6-44FE-A6BD-5A2FE1CA4A85}
		{4B52D4A2-3912-45AA-9BCF-29C65078D4C8} = {5657C02E-8387-40C9-BC03-784A6C976459}
		{7314FA3A-7A40-4C6C-B9DF-983188EE23FF} = {1698A04A-D819-49E6-AFFC-DB9FB070288C}
		{F5C8DA5E-7A31-4058-BE32-510F11983EAF} = {E397F9E3-402E-47D5-AF7E-A47D604D9860}
		{E82B99B5-530F-4391-91A4-4675D9754C0C} = {43F858DF-0A34-4CBA-8407-F2D5DBBEB779}
		{7A43846F-1EC8-456F-B615-32675412255C} = {5AA6C281-9E1C-446C-9AE4-3971FD647F93}
		{0000B505-6C92-4C25-9920-3ABD8DB278FB} = {217063ED-65D3-4217-AC56-0422FCF848B4}
		{E461A997-9DDB-44C8-820D-45D844B55ED2} = {F0640B5D-D4F9-4737-939F-56A2D66B1303}
		{F6484C4F-CD86-4509-9267-C877EA1E69FD} = {51A5825A-AB4F-49F6-BC0B-AC736AACF117}
		{74984A96-39E6-4B0D-B5A5-ABC947D44433} = {22337830-BE77-48AA-9CB0-F1319A5A11AB}
		{FE5747FC-2F8E-4B5C-A377-0FD29505D1E9} = {F9D9D0FD-EDEB-4984-954A-4466F34392B2}
		{C6004CA2-773D-450D-80A4-8ED82561C08B} = {CB66629C-D5F6-4A7A-BA30-CCA95B642D4C}
		{43841C69-9D17-47BA-9AD5-CCB29A531013} = {CA7E2112-EBC3-4F49-8716-C2937A499FF2}
		{C593908B-E0E1-45C5-A75F-FE4735AEB41F} = {D7A5CF6E-4360-40EE-A028-8A5D4FC9F516}
		{03FF3A5E-F802-41B3-BB9D-E89D0BF4166B} = {06CF29DF-37B1-45CA-8A12-96810C44B5F2}
		{3E0D63C8-21C2-4DEC-865A-E3CCD8B703DD} = {13171821-55C6-4B30-8850-3CBA85E25F71}
	EndGlobalSection
	GlobalSection(ExtensibilityGlobals) = postSolution
		SolutionGuid = {67B444DD-750B-41A8-B75A-E83E7FB8974E}
	EndGlobalSection
EndGlobal
